dependencies:
- name: common
  repository: https://registry.internal.huggingface.tech/chartrepo/charts
  version: 0.1.2
- name: mongodb
  repository: https://charts.bitnami.com/bitnami
  version: 13.6.4
digest: sha256:7b30ce342604b5ef63973ab9446d5425bbd41720c94f3589a7c912dfdde2fec5
generated: "2023-03-03T14:45:23.93166+01:00"
