dependencies:
- name: common
  repository: oci://ghcr.io/huggingface/helm-common
  version: 0.0.0
- name: mongodb
  repository: https://charts.bitnami.com/bitnami
  version: 13.6.4
digest: sha256:3be4b001a1d350839f37b7f7b14f39ab5dd221b7bfd1030250d317acc28fb5d6
generated: "2023-03-06T20:52:19.58506+01:00"
