[[package]]
name = "anyio"
version = "3.3.0"
description = "High level compatibility layer for multiple asynchronous event loop implementations"
category = "main"
optional = false
python-versions = ">=3.6.2"

[package.dependencies]
idna = ">=2.8"
sniffio = ">=1.1"

[package.extras]
doc = ["sphinx-rtd-theme", "sphinx-autodoc-typehints (>=1.2.0)"]
test = ["coverage[toml] (>=4.5)", "hypothesis (>=4.0)", "pytest (>=6.0)", "pytest-mock (>=3.6.1)", "trustme", "uvloop (<0.15)", "mock (>=4)", "uvloop (>=0.15)"]
trio = ["trio (>=0.16)"]

[[package]]
name = "appdirs"
version = "1.4.4"
description = "A small Python module for determining appropriate platform-specific dirs, e.g. a \"user data dir\"."
category = "dev"
optional = false
python-versions = "*"

[[package]]
name = "asgiref"
version = "3.4.1"
description = "ASGI specs, helper code, and adapters"
category = "main"
optional = false
python-versions = ">=3.6"

[package.extras]
tests = ["pytest", "pytest-asyncio", "mypy (>=0.800)"]

[[package]]
name = "black"
version = "21.7b0"
description = "The uncompromising code formatter."
category = "dev"
optional = false
python-versions = ">=3.6.2"

[package.dependencies]
appdirs = "*"
click = ">=7.1.2"
mypy-extensions = ">=0.4.3"
pathspec = ">=0.8.1,<1"
regex = ">=2020.1.8"
tomli = ">=0.2.6,<2.0.0"

[package.extras]
colorama = ["colorama (>=0.4.3)"]
d = ["aiohttp (>=3.6.0)", "aiohttp-cors (>=0.4.0)"]
python2 = ["typed-ast (>=1.4.2)"]
uvloop = ["uvloop (>=0.15.2)"]

[[package]]
name = "certifi"
version = "2021.5.30"
description = "Python package for providing Mozilla's CA Bundle."
category = "main"
optional = false
python-versions = "*"

[[package]]
name = "charset-normalizer"
version = "2.0.3"
description = "The Real First Universal Charset Detector. Open, modern and actively maintained alternative to Chardet."
category = "main"
optional = false
python-versions = ">=3.5.0"

[package.extras]
unicode_backport = ["unicodedata2"]

[[package]]
name = "click"
version = "8.0.1"
description = "Composable command line interface toolkit"
category = "main"
optional = false
python-versions = ">=3.6"

[package.dependencies]
colorama = {version = "*", markers = "platform_system == \"Windows\""}

[[package]]
name = "colorama"
version = "0.4.4"
description = "Cross-platform colored terminal text."
category = "main"
optional = false
python-versions = ">=2.7, !=3.0.*, !=3.1.*, !=3.2.*, !=3.3.*, !=3.4.*"

[[package]]
name = "datasets"
version = "1.10.2"
description = "HuggingFace/Datasets is an open library of NLP datasets."
category = "main"
optional = false
python-versions = "*"

[package.dependencies]
dill = "*"
fsspec = ">=2021.05.0"
huggingface-hub = "<0.1.0"
multiprocess = "*"
numpy = ">=1.17"
packaging = "*"
pandas = "*"
pyarrow = ">=1.0.0,<4.0.0 || >4.0.0"
requests = ">=2.19.0"
tqdm = ">=4.42"
xxhash = "*"

[package.extras]
apache-beam = ["apache-beam (>=2.26.0)"]
benchmarks = ["numpy (==1.18.5)", "tensorflow (==2.3.0)", "torch (==1.6.0)", "transformers (==3.0.2)"]
dev = ["absl-py", "pytest", "pytest-xdist", "aiohttp", "apache-beam (>=2.26.0)", "elasticsearch", "aiobotocore (==1.2.2)", "boto3 (==1.16.43)", "botocore (==1.19.52)", "faiss-cpu", "fsspec", "moto[s3,server] (==2.0.4)", "rarfile (>=4.0)", "s3fs", "tensorflow (>=2.3)", "torch", "transformers", "bs4", "conllu", "langdetect", "lxml", "mwparserfromhell", "nltk", "openpyxl", "py7zr", "tldextract", "zstandard", "bert-score (>=0.3.6)", "rouge-score", "sacrebleu", "scipy", "seqeval", "scikit-learn", "jiwer", "sentencepiece", "toml (>=0.10.1)", "requests-file (>=1.5.1)", "tldextract (>=3.1.0)", "texttable (>=1.6.3)", "Werkzeug (>=1.0.1)", "six (>=1.15.0,<1.16.0)", "wget (>=3.2)", "pytorch-nlp (==0.5.0)", "pytorch-lightning", "fastBPE (==0.1.0)", "fairseq", "black (==21.4b0)", "flake8 (==3.7.9)", "isort", "pyyaml (>=5.3.1)", "importlib-resources"]
docs = ["docutils (==0.16.0)", "recommonmark", "sphinx (==3.1.2)", "sphinx-markdown-tables", "sphinx-rtd-theme (==0.4.3)", "sphinxext-opengraph (==0.4.1)", "sphinx-copybutton", "fsspec", "s3fs"]
quality = ["black (==21.4b0)", "flake8 (==3.7.9)", "isort", "pyyaml (>=5.3.1)"]
s3 = ["fsspec", "boto3 (==1.16.43)", "botocore (==1.19.52)", "s3fs"]
streaming = ["aiohttp"]
tensorflow = ["tensorflow (>=2.2.0)"]
tensorflow_gpu = ["tensorflow-gpu (>=2.2.0)"]
tests = ["absl-py", "pytest", "pytest-xdist", "aiohttp", "apache-beam (>=2.26.0)", "elasticsearch", "aiobotocore (==1.2.2)", "boto3 (==1.16.43)", "botocore (==1.19.52)", "faiss-cpu", "fsspec", "moto[s3,server] (==2.0.4)", "rarfile (>=4.0)", "s3fs", "tensorflow (>=2.3)", "torch", "transformers", "bs4", "conllu", "langdetect", "lxml", "mwparserfromhell", "nltk", "openpyxl", "py7zr", "tldextract", "zstandard", "bert-score (>=0.3.6)", "rouge-score", "sacrebleu", "scipy", "seqeval", "scikit-learn", "jiwer", "sentencepiece", "toml (>=0.10.1)", "requests-file (>=1.5.1)", "tldextract (>=3.1.0)", "texttable (>=1.6.3)", "Werkzeug (>=1.0.1)", "six (>=1.15.0,<1.16.0)", "wget (>=3.2)", "pytorch-nlp (==0.5.0)", "pytorch-lightning", "fastBPE (==0.1.0)", "fairseq", "importlib-resources"]
torch = ["torch"]

[[package]]
name = "dill"
version = "0.3.4"
description = "serialize all of python"
category = "main"
optional = false
python-versions = ">=2.7, !=3.0.*"

[package.extras]
graph = ["objgraph (>=1.7.2)"]

[[package]]
name = "filelock"
version = "3.0.12"
description = "A platform independent file lock."
category = "main"
optional = false
python-versions = "*"

[[package]]
name = "fsspec"
version = "2021.7.0"
description = "File-system specification"
category = "main"
optional = false
python-versions = ">=3.6"

[package.extras]
abfs = ["adlfs"]
adl = ["adlfs"]
dask = ["dask", "distributed"]
dropbox = ["dropboxdrivefs", "requests", "dropbox"]
entrypoints = ["importlib-metadata"]
gcs = ["gcsfs"]
git = ["pygit2"]
github = ["requests"]
gs = ["gcsfs"]
hdfs = ["pyarrow (>=1)"]
http = ["requests", "aiohttp"]
s3 = ["s3fs"]
sftp = ["paramiko"]
smb = ["smbprotocol"]
ssh = ["paramiko"]

[[package]]
name = "h11"
version = "0.12.0"
description = "A pure-Python, bring-your-own-I/O implementation of HTTP/1.1"
category = "main"
optional = false
python-versions = ">=3.6"

[[package]]
name = "huggingface-hub"
version = "0.0.14"
description = "Client library to download and publish models on the huggingface.co hub"
category = "main"
optional = false
python-versions = ">=3.6.0"

[package.dependencies]
filelock = "*"
packaging = ">=20.9"
requests = "*"
tqdm = "*"
typing-extensions = "*"

[package.extras]
all = ["pytest", "black (>=20.8b1)", "isort (>=5.5.4)", "flake8 (>=3.8.3)"]
dev = ["pytest", "black (>=20.8b1)", "isort (>=5.5.4)", "flake8 (>=3.8.3)"]
quality = ["black (>=20.8b1)", "isort (>=5.5.4)", "flake8 (>=3.8.3)"]
testing = ["pytest"]
torch = ["torch"]

[[package]]
name = "idna"
version = "3.2"
description = "Internationalized Domain Names in Applications (IDNA)"
category = "main"
optional = false
python-versions = ">=3.5"

[[package]]
name = "multiprocess"
version = "0.70.12.2"
description = "better multiprocessing and multithreading in python"
category = "main"
optional = false
python-versions = "*"

[package.dependencies]
dill = ">=0.3.4"

[[package]]
name = "mypy-extensions"
version = "0.4.3"
description = "Experimental type system extensions for programs checked with the mypy typechecker."
category = "dev"
optional = false
python-versions = "*"

[[package]]
name = "numpy"
version = "1.21.1"
description = "NumPy is the fundamental package for array computing with Python."
category = "main"
optional = false
python-versions = ">=3.7"

[[package]]
name = "packaging"
version = "21.0"
description = "Core utilities for Python packages"
category = "main"
optional = false
python-versions = ">=3.6"

[package.dependencies]
pyparsing = ">=2.0.2"

[[package]]
name = "pandas"
version = "1.3.1"
description = "Powerful data structures for data analysis, time series, and statistics"
category = "main"
optional = false
python-versions = ">=3.7.1"

[package.dependencies]
numpy = ">=1.17.3"
python-dateutil = ">=2.7.3"
pytz = ">=2017.3"

[package.extras]
test = ["hypothesis (>=3.58)", "pytest (>=6.0)", "pytest-xdist"]

[[package]]
name = "pathspec"
version = "0.9.0"
description = "Utility library for gitignore style pattern matching of file paths."
category = "dev"
optional = false
python-versions = "!=3.0.*,!=3.1.*,!=3.2.*,!=3.3.*,!=3.4.*,>=2.7"

[[package]]
name = "pyarrow"
version = "4.0.1"
description = "Python library for Apache Arrow"
category = "main"
optional = false
python-versions = ">=3.6"

[package.dependencies]
numpy = ">=1.16.6"

[[package]]
name = "pyparsing"
version = "2.4.7"
description = "Python parsing module"
category = "main"
optional = false
python-versions = ">=2.6, !=3.0.*, !=3.1.*, !=3.2.*"

[[package]]
name = "python-dateutil"
version = "2.8.2"
description = "Extensions to the standard Python datetime module"
category = "main"
optional = false
python-versions = "!=3.0.*,!=3.1.*,!=3.2.*,>=2.7"

[package.dependencies]
six = ">=1.5"

[[package]]
name = "pytz"
version = "2021.1"
description = "World timezone definitions, modern and historical"
category = "main"
optional = false
python-versions = "*"

[[package]]
name = "regex"
version = "2021.7.6"
description = "Alternative regular expression module, to replace re."
category = "dev"
optional = false
python-versions = "*"

[[package]]
name = "requests"
version = "2.26.0"
description = "Python HTTP for Humans."
category = "main"
optional = false
python-versions = ">=2.7, !=3.0.*, !=3.1.*, !=3.2.*, !=3.3.*, !=3.4.*, !=3.5.*"

[package.dependencies]
certifi = ">=2017.4.17"
charset-normalizer = {version = ">=2.0.0,<2.1.0", markers = "python_version >= \"3\""}
idna = {version = ">=2.5,<4", markers = "python_version >= \"3\""}
urllib3 = ">=1.21.1,<1.27"

[package.extras]
socks = ["PySocks (>=1.5.6,!=1.5.7)", "win-inet-pton"]
use_chardet_on_py3 = ["chardet (>=3.0.2,<5)"]

[[package]]
name = "six"
version = "1.16.0"
description = "Python 2 and 3 compatibility utilities"
category = "main"
optional = false
python-versions = ">=2.7, !=3.0.*, !=3.1.*, !=3.2.*"

[[package]]
name = "sniffio"
version = "1.2.0"
description = "Sniff out which async library your code is running under"
category = "main"
optional = false
python-versions = ">=3.5"

[[package]]
name = "starlette"
version = "0.16.0"
description = "The little ASGI library that shines."
category = "main"
optional = false
python-versions = ">=3.6"

[package.dependencies]
anyio = ">=3.0.0,<4"

[package.extras]
full = ["itsdangerous", "jinja2", "python-multipart", "pyyaml", "requests", "graphene"]

[[package]]
name = "tomli"
version = "1.1.0"
description = "A lil' TOML parser"
category = "dev"
optional = false
python-versions = ">=3.6"

[[package]]
name = "tqdm"
version = "4.61.2"
description = "Fast, Extensible Progress Meter"
category = "main"
optional = false
python-versions = "!=3.0.*,!=3.1.*,!=3.2.*,!=3.3.*,>=2.7"

[package.dependencies]
colorama = {version = "*", markers = "platform_system == \"Windows\""}

[package.extras]
dev = ["py-make (>=0.1.0)", "twine", "wheel"]
notebook = ["ipywidgets (>=6)"]
telegram = ["requests"]

[[package]]
name = "typing-extensions"
version = "3.10.0.0"
description = "Backported and Experimental Type Hints for Python 3.5+"
category = "main"
optional = false
python-versions = "*"

[[package]]
name = "urllib3"
version = "1.26.6"
description = "HTTP library with thread-safe connection pooling, file post, and more."
category = "main"
optional = false
python-versions = ">=2.7, !=3.0.*, !=3.1.*, !=3.2.*, !=3.3.*, !=3.4.*, <4"

[package.extras]
brotli = ["brotlipy (>=0.6.0)"]
secure = ["pyOpenSSL (>=0.14)", "cryptography (>=1.3.4)", "idna (>=2.0.0)", "certifi", "ipaddress"]
socks = ["PySocks (>=1.5.6,!=1.5.7,<2.0)"]

[[package]]
name = "uvicorn"
version = "0.14.0"
description = "The lightning-fast ASGI server."
category = "main"
optional = false
python-versions = "*"

[package.dependencies]
asgiref = ">=3.3.4"
click = ">=7"
h11 = ">=0.8"

[package.extras]
standard = ["websockets (>=9.1)", "httptools (>=0.2.0,<0.3.0)", "watchgod (>=0.6)", "python-dotenv (>=0.13)", "PyYAML (>=5.1)", "uvloop (>=0.14.0,!=0.15.0,!=0.15.1)", "colorama (>=0.4)"]

[[package]]
name = "xxhash"
version = "2.0.2"
description = "Python binding for xxHash"
category = "main"
optional = false
python-versions = ">=2.6, !=3.0.*, !=3.1.*, !=3.2.*"

[metadata]
lock-version = "1.1"
python-versions = "^3.8"
content-hash = "ff8cfb3b658efe0bce6b6031b0ac810904c0bba275af222cb7a070480887bd45"

[metadata.files]
anyio = [
    {file = "anyio-3.3.0-py3-none-any.whl", hash = "sha256:929a6852074397afe1d989002aa96d457e3e1e5441357c60d03e7eea0e65e1b0"},
    {file = "anyio-3.3.0.tar.gz", hash = "sha256:ae57a67583e5ff8b4af47666ff5651c3732d45fd26c929253748e796af860374"},
]
appdirs = [
    {file = "appdirs-1.4.4-py2.py3-none-any.whl", hash = "sha256:a841dacd6b99318a741b166adb07e19ee71a274450e68237b4650ca1055ab128"},
    {file = "appdirs-1.4.4.tar.gz", hash = "sha256:7d5d0167b2b1ba821647616af46a749d1c653740dd0d2415100fe26e27afdf41"},
]
asgiref = [
    {file = "asgiref-3.4.1-py3-none-any.whl", hash = "sha256:ffc141aa908e6f175673e7b1b3b7af4fdb0ecb738fc5c8b88f69f055c2415214"},
    {file = "asgiref-3.4.1.tar.gz", hash = "sha256:4ef1ab46b484e3c706329cedeff284a5d40824200638503f5768edb6de7d58e9"},
]
black = [
    {file = "black-21.7b0-py3-none-any.whl", hash = "sha256:1c7aa6ada8ee864db745b22790a32f94b2795c253a75d6d9b5e439ff10d23116"},
    {file = "black-21.7b0.tar.gz", hash = "sha256:c8373c6491de9362e39271630b65b964607bc5c79c83783547d76c839b3aa219"},
]
certifi = [
    {file = "certifi-2021.5.30-py2.py3-none-any.whl", hash = "sha256:50b1e4f8446b06f41be7dd6338db18e0990601dce795c2b1686458aa7e8fa7d8"},
    {file = "certifi-2021.5.30.tar.gz", hash = "sha256:2bbf76fd432960138b3ef6dda3dde0544f27cbf8546c458e60baf371917ba9ee"},
]
charset-normalizer = [
    {file = "charset-normalizer-2.0.3.tar.gz", hash = "sha256:c46c3ace2d744cfbdebceaa3c19ae691f53ae621b39fd7570f59d14fb7f2fd12"},
    {file = "charset_normalizer-2.0.3-py3-none-any.whl", hash = "sha256:88fce3fa5b1a84fdcb3f603d889f723d1dd89b26059d0123ca435570e848d5e1"},
]
click = [
    {file = "click-8.0.1-py3-none-any.whl", hash = "sha256:fba402a4a47334742d782209a7c79bc448911afe1149d07bdabdf480b3e2f4b6"},
    {file = "click-8.0.1.tar.gz", hash = "sha256:8c04c11192119b1ef78ea049e0a6f0463e4c48ef00a30160c704337586f3ad7a"},
]
colorama = [
    {file = "colorama-0.4.4-py2.py3-none-any.whl", hash = "sha256:9f47eda37229f68eee03b24b9748937c7dc3868f906e8ba69fbcbdd3bc5dc3e2"},
    {file = "colorama-0.4.4.tar.gz", hash = "sha256:5941b2b48a20143d2267e95b1c2a7603ce057ee39fd88e7329b0c292aa16869b"},
]
datasets = [
    {file = "datasets-1.10.2-py3-none-any.whl", hash = "sha256:a523e22b222b38700cc672445f2d534ed4a5aeda1399c074b722feda36b175c2"},
    {file = "datasets-1.10.2.tar.gz", hash = "sha256:19106e8f5fa7be95ccd19fa82653ce707cad378d0e323c3013a17c2b6513bf5c"},
]
dill = [
    {file = "dill-0.3.4-py2.py3-none-any.whl", hash = "sha256:7e40e4a70304fd9ceab3535d36e58791d9c4a776b38ec7f7ec9afc8d3dca4d4f"},
    {file = "dill-0.3.4.zip", hash = "sha256:9f9734205146b2b353ab3fec9af0070237b6ddae78452af83d2fca84d739e675"},
]
filelock = [
    {file = "filelock-3.0.12-py3-none-any.whl", hash = "sha256:929b7d63ec5b7d6b71b0fa5ac14e030b3f70b75747cef1b10da9b879fef15836"},
    {file = "filelock-3.0.12.tar.gz", hash = "sha256:18d82244ee114f543149c66a6e0c14e9c4f8a1044b5cdaadd0f82159d6a6ff59"},
]
fsspec = [
    {file = "fsspec-2021.7.0-py3-none-any.whl", hash = "sha256:86822ccf367da99957f49db64f7d5fd3d8d21444fac4dfdc8ebc38ee93d478c6"},
    {file = "fsspec-2021.7.0.tar.gz", hash = "sha256:792ebd3b54de0b30f1ce73f0ba0a8bcc864724f2d9f248cb8d0ece47db0cbde8"},
]
h11 = [
    {file = "h11-0.12.0-py3-none-any.whl", hash = "sha256:36a3cb8c0a032f56e2da7084577878a035d3b61d104230d4bd49c0c6b555a9c6"},
    {file = "h11-0.12.0.tar.gz", hash = "sha256:47222cb6067e4a307d535814917cd98fd0a57b6788ce715755fa2b6c28b56042"},
]
huggingface-hub = [
    {file = "huggingface_hub-0.0.14-py3-none-any.whl", hash = "sha256:3f931112abb679001d8d1310bfd2676cec9ce3417b2d9965d5a2d44dcca2e5e2"},
    {file = "huggingface_hub-0.0.14.tar.gz", hash = "sha256:560313eb1b1df0014a0b2469a1ccd2491aa5fe71606b1d858c7f293ec8678f11"},
]
idna = [
    {file = "idna-3.2-py3-none-any.whl", hash = "sha256:14475042e284991034cb48e06f6851428fb14c4dc953acd9be9a5e95c7b6dd7a"},
    {file = "idna-3.2.tar.gz", hash = "sha256:467fbad99067910785144ce333826c71fb0e63a425657295239737f7ecd125f3"},
]
multiprocess = [
    {file = "multiprocess-0.70.12.2-cp27-cp27m-macosx_10_12_x86_64.whl", hash = "sha256:35d41e410ca2a32977a483ae1f40f86b193b45cecf85567c2fae402fb8bf172e"},
    {file = "multiprocess-0.70.12.2-cp27-cp27m-manylinux1_i686.whl", hash = "sha256:9a02237eae21975155c816883479f72e239d16823a6bc063173d59acec9bcf41"},
    {file = "multiprocess-0.70.12.2-cp27-cp27m-manylinux1_x86_64.whl", hash = "sha256:f12a939cd2f01d0a900e7ef2aaee3c351a49fd2297d7f760b537af22727561b8"},
    {file = "multiprocess-0.70.12.2-cp27-cp27m-win32.whl", hash = "sha256:be3ad3eaf204abc646d85e70e41244f66d88200628a0ab867c8fc206b97cedbf"},
    {file = "multiprocess-0.70.12.2-cp27-cp27m-win_amd64.whl", hash = "sha256:c85ffc38c50c5a4f32f3f3c1a284725b7b5040188f254eba6e572c53d3da525b"},
    {file = "multiprocess-0.70.12.2-pp27-none-any.whl", hash = "sha256:a9f58945edb234591684c0a181b744a3231643814ef3a8f47cea9a2073b4b2bb"},
    {file = "multiprocess-0.70.12.2-pp36-none-any.whl", hash = "sha256:0e0a5ae4bd84e4c22baddf824d3b8168214f8c1cce51e2cb080421cb1f7b04d1"},
    {file = "multiprocess-0.70.12.2-pp37-none-any.whl", hash = "sha256:916a314a1e0f3454033d59672ba6181fa45948ab1091d68cdd479258576e7b27"},
    {file = "multiprocess-0.70.12.2-py36-none-any.whl", hash = "sha256:b3f866f7d9c7acc1a9cb1b6063a29f5cb140ff545b35b71fd4bfdac6f19d75fa"},
    {file = "multiprocess-0.70.12.2-py37-none-any.whl", hash = "sha256:6aa67e805e50b6e9dfc56dd0f0c85ac3409e6791d4ec5405c5f9bc0a47d745a4"},
    {file = "multiprocess-0.70.12.2-py38-none-any.whl", hash = "sha256:85941e650c277af44fc82e3e97faacb920e5ce3615238b540cbad4012d6f60e9"},
    {file = "multiprocess-0.70.12.2-py39-none-any.whl", hash = "sha256:6f812a1d3f198b7cacd63983f60e2dc1338bd4450893f90c435067b5a3127e6f"},
    {file = "multiprocess-0.70.12.2.zip", hash = "sha256:206bb9b97b73f87fec1ed15a19f8762950256aa84225450abc7150d02855a083"},
]
mypy-extensions = [
    {file = "mypy_extensions-0.4.3-py2.py3-none-any.whl", hash = "sha256:090fedd75945a69ae91ce1303b5824f428daf5a028d2f6ab8a299250a846f15d"},
    {file = "mypy_extensions-0.4.3.tar.gz", hash = "sha256:2d82818f5bb3e369420cb3c4060a7970edba416647068eb4c5343488a6c604a8"},
]
numpy = [
    {file = "numpy-1.21.1-cp37-cp37m-macosx_10_9_x86_64.whl", hash = "sha256:38e8648f9449a549a7dfe8d8755a5979b45b3538520d1e735637ef28e8c2dc50"},
    {file = "numpy-1.21.1-cp37-cp37m-manylinux_2_12_i686.manylinux2010_i686.whl", hash = "sha256:fd7d7409fa643a91d0a05c7554dd68aa9c9bb16e186f6ccfe40d6e003156e33a"},
    {file = "numpy-1.21.1-cp37-cp37m-manylinux_2_12_x86_64.manylinux2010_x86_64.whl", hash = "sha256:a75b4498b1e93d8b700282dc8e655b8bd559c0904b3910b144646dbbbc03e062"},
    {file = "numpy-1.21.1-cp37-cp37m-manylinux_2_17_aarch64.manylinux2014_aarch64.whl", hash = "sha256:1412aa0aec3e00bc23fbb8664d76552b4efde98fb71f60737c83efbac24112f1"},
    {file = "numpy-1.21.1-cp37-cp37m-manylinux_2_5_i686.manylinux1_i686.whl", hash = "sha256:e46ceaff65609b5399163de5893d8f2a82d3c77d5e56d976c8b5fb01faa6b671"},
    {file = "numpy-1.21.1-cp37-cp37m-manylinux_2_5_x86_64.manylinux1_x86_64.whl", hash = "sha256:c6a2324085dd52f96498419ba95b5777e40b6bcbc20088fddb9e8cbb58885e8e"},
    {file = "numpy-1.21.1-cp37-cp37m-win32.whl", hash = "sha256:73101b2a1fef16602696d133db402a7e7586654682244344b8329cdcbbb82172"},
    {file = "numpy-1.21.1-cp37-cp37m-win_amd64.whl", hash = "sha256:7a708a79c9a9d26904d1cca8d383bf869edf6f8e7650d85dbc77b041e8c5a0f8"},
    {file = "numpy-1.21.1-cp38-cp38-macosx_10_9_universal2.whl", hash = "sha256:95b995d0c413f5d0428b3f880e8fe1660ff9396dcd1f9eedbc311f37b5652e16"},
    {file = "numpy-1.21.1-cp38-cp38-macosx_10_9_x86_64.whl", hash = "sha256:635e6bd31c9fb3d475c8f44a089569070d10a9ef18ed13738b03049280281267"},
    {file = "numpy-1.21.1-cp38-cp38-macosx_11_0_arm64.whl", hash = "sha256:4a3d5fb89bfe21be2ef47c0614b9c9c707b7362386c9a3ff1feae63e0267ccb6"},
    {file = "numpy-1.21.1-cp38-cp38-manylinux_2_12_i686.manylinux2010_i686.whl", hash = "sha256:8a326af80e86d0e9ce92bcc1e65c8ff88297de4fa14ee936cb2293d414c9ec63"},
    {file = "numpy-1.21.1-cp38-cp38-manylinux_2_12_x86_64.manylinux2010_x86_64.whl", hash = "sha256:791492091744b0fe390a6ce85cc1bf5149968ac7d5f0477288f78c89b385d9af"},
    {file = "numpy-1.21.1-cp38-cp38-manylinux_2_17_aarch64.manylinux2014_aarch64.whl", hash = "sha256:0318c465786c1f63ac05d7c4dbcecd4d2d7e13f0959b01b534ea1e92202235c5"},
    {file = "numpy-1.21.1-cp38-cp38-manylinux_2_5_i686.manylinux1_i686.whl", hash = "sha256:9a513bd9c1551894ee3d31369f9b07460ef223694098cf27d399513415855b68"},
    {file = "numpy-1.21.1-cp38-cp38-manylinux_2_5_x86_64.manylinux1_x86_64.whl", hash = "sha256:91c6f5fc58df1e0a3cc0c3a717bb3308ff850abdaa6d2d802573ee2b11f674a8"},
    {file = "numpy-1.21.1-cp38-cp38-win32.whl", hash = "sha256:978010b68e17150db8765355d1ccdd450f9fc916824e8c4e35ee620590e234cd"},
    {file = "numpy-1.21.1-cp38-cp38-win_amd64.whl", hash = "sha256:9749a40a5b22333467f02fe11edc98f022133ee1bfa8ab99bda5e5437b831214"},
    {file = "numpy-1.21.1-cp39-cp39-macosx_10_9_universal2.whl", hash = "sha256:d7a4aeac3b94af92a9373d6e77b37691b86411f9745190d2c351f410ab3a791f"},
    {file = "numpy-1.21.1-cp39-cp39-macosx_10_9_x86_64.whl", hash = "sha256:d9e7912a56108aba9b31df688a4c4f5cb0d9d3787386b87d504762b6754fbb1b"},
    {file = "numpy-1.21.1-cp39-cp39-macosx_11_0_arm64.whl", hash = "sha256:25b40b98ebdd272bc3020935427a4530b7d60dfbe1ab9381a39147834e985eac"},
    {file = "numpy-1.21.1-cp39-cp39-manylinux_2_12_i686.manylinux2010_i686.whl", hash = "sha256:8a92c5aea763d14ba9d6475803fc7904bda7decc2a0a68153f587ad82941fec1"},
    {file = "numpy-1.21.1-cp39-cp39-manylinux_2_12_x86_64.manylinux2010_x86_64.whl", hash = "sha256:05a0f648eb28bae4bcb204e6fd14603de2908de982e761a2fc78efe0f19e96e1"},
    {file = "numpy-1.21.1-cp39-cp39-manylinux_2_17_aarch64.manylinux2014_aarch64.whl", hash = "sha256:f01f28075a92eede918b965e86e8f0ba7b7797a95aa8d35e1cc8821f5fc3ad6a"},
    {file = "numpy-1.21.1-cp39-cp39-win32.whl", hash = "sha256:88c0b89ad1cc24a5efbb99ff9ab5db0f9a86e9cc50240177a571fbe9c2860ac2"},
    {file = "numpy-1.21.1-cp39-cp39-win_amd64.whl", hash = "sha256:01721eefe70544d548425a07c80be8377096a54118070b8a62476866d5208e33"},
    {file = "numpy-1.21.1-pp37-pypy37_pp73-manylinux_2_12_x86_64.manylinux2010_x86_64.whl", hash = "sha256:2d4d1de6e6fb3d28781c73fbde702ac97f03d79e4ffd6598b880b2d95d62ead4"},
    {file = "numpy-1.21.1.zip", hash = "sha256:dff4af63638afcc57a3dfb9e4b26d434a7a602d225b42d746ea7fe2edf1342fd"},
]
packaging = [
    {file = "packaging-21.0-py3-none-any.whl", hash = "sha256:c86254f9220d55e31cc94d69bade760f0847da8000def4dfe1c6b872fd14ff14"},
    {file = "packaging-21.0.tar.gz", hash = "sha256:7dc96269f53a4ccec5c0670940a4281106dd0bb343f47b7471f779df49c2fbe7"},
]
pandas = [
    {file = "pandas-1.3.1-cp37-cp37m-macosx_10_9_x86_64.whl", hash = "sha256:1ee8418d0f936ff2216513aa03e199657eceb67690995d427a4a7ecd2e68f442"},
    {file = "pandas-1.3.1-cp37-cp37m-manylinux_2_17_aarch64.manylinux2014_aarch64.whl", hash = "sha256:5d9acfca191140a518779d1095036d842d5e5bc8e8ad8b5eaad1aff90fe1870d"},
    {file = "pandas-1.3.1-cp37-cp37m-manylinux_2_17_x86_64.manylinux2014_x86_64.whl", hash = "sha256:e323028ab192fcfe1e8999c012a0fa96d066453bb354c7e7a4a267b25e73d3c8"},
    {file = "pandas-1.3.1-cp37-cp37m-manylinux_2_5_i686.manylinux1_i686.manylinux_2_17_i686.manylinux2014_i686.whl", hash = "sha256:9d06661c6eb741ae633ee1c57e8c432bb4203024e263fe1a077fa3fda7817fdb"},
    {file = "pandas-1.3.1-cp37-cp37m-win32.whl", hash = "sha256:23c7452771501254d2ae23e9e9dac88417de7e6eff3ce64ee494bb94dc88c300"},
    {file = "pandas-1.3.1-cp37-cp37m-win_amd64.whl", hash = "sha256:7150039e78a81eddd9f5a05363a11cadf90a4968aac6f086fd83e66cf1c8d1d6"},
    {file = "pandas-1.3.1-cp38-cp38-macosx_10_9_x86_64.whl", hash = "sha256:5c09a2538f0fddf3895070579082089ff4ae52b6cb176d8ec7a4dacf7e3676c1"},
    {file = "pandas-1.3.1-cp38-cp38-manylinux_2_17_aarch64.manylinux2014_aarch64.whl", hash = "sha256:905fc3e0fcd86b0a9f1f97abee7d36894698d2592b22b859f08ea5a8fe3d3aab"},
    {file = "pandas-1.3.1-cp38-cp38-manylinux_2_17_x86_64.manylinux2014_x86_64.whl", hash = "sha256:5ee927c70794e875a59796fab8047098aa59787b1be680717c141cd7873818ae"},
    {file = "pandas-1.3.1-cp38-cp38-manylinux_2_5_i686.manylinux1_i686.manylinux_2_17_i686.manylinux2014_i686.whl", hash = "sha256:0c976e023ed580e60a82ccebdca8e1cc24d8b1fbb28175eb6521025c127dab66"},
    {file = "pandas-1.3.1-cp38-cp38-win32.whl", hash = "sha256:22f3fcc129fb482ef44e7df2a594f0bd514ac45aabe50da1a10709de1b0f9d84"},
    {file = "pandas-1.3.1-cp38-cp38-win_amd64.whl", hash = "sha256:45656cd59ae9745a1a21271a62001df58342b59c66d50754390066db500a8362"},
    {file = "pandas-1.3.1-cp39-cp39-macosx_10_9_x86_64.whl", hash = "sha256:114c6789d15862508900a25cb4cb51820bfdd8595ea306bab3b53cd19f990b65"},
    {file = "pandas-1.3.1-cp39-cp39-manylinux_2_17_aarch64.manylinux2014_aarch64.whl", hash = "sha256:527c43311894aff131dea99cf418cd723bfd4f0bcf3c3da460f3b57e52a64da5"},
    {file = "pandas-1.3.1-cp39-cp39-manylinux_2_17_x86_64.manylinux2014_x86_64.whl", hash = "sha256:fdb3b33dde260b1766ea4d3c6b8fbf6799cee18d50a2a8bc534cf3550b7c819a"},
    {file = "pandas-1.3.1-cp39-cp39-manylinux_2_5_i686.manylinux1_i686.manylinux_2_17_i686.manylinux2014_i686.whl", hash = "sha256:c28760932283d2c9f6fa5e53d2f77a514163b9e67fd0ee0879081be612567195"},
    {file = "pandas-1.3.1-cp39-cp39-win32.whl", hash = "sha256:be12d77f7e03c40a2466ed00ccd1a5f20a574d3c622fe1516037faa31aa448aa"},
    {file = "pandas-1.3.1-cp39-cp39-win_amd64.whl", hash = "sha256:9e1fe6722cbe27eb5891c1977bca62d456c19935352eea64d33956db46139364"},
    {file = "pandas-1.3.1.tar.gz", hash = "sha256:341935a594db24f3ff07d1b34d1d231786aa9adfa84b76eab10bf42907c8aed3"},
]
pathspec = [
    {file = "pathspec-0.9.0-py2.py3-none-any.whl", hash = "sha256:7d15c4ddb0b5c802d161efc417ec1a2558ea2653c2e8ad9c19098201dc1c993a"},
    {file = "pathspec-0.9.0.tar.gz", hash = "sha256:e564499435a2673d586f6b2130bb5b95f04a3ba06f81b8f895b651a3c76aabb1"},
]
pyarrow = [
    {file = "pyarrow-4.0.1-cp36-cp36m-macosx_10_13_x86_64.whl", hash = "sha256:5387db80c6a7b5598884bf4df3fc546b3373771ad614548b782e840b71704877"},
    {file = "pyarrow-4.0.1-cp36-cp36m-macosx_10_9_x86_64.whl", hash = "sha256:76b75a9cfc572e890a1e000fd532bdd2084ec3f1ee94ee51802a477913a21072"},
    {file = "pyarrow-4.0.1-cp36-cp36m-manylinux2010_x86_64.whl", hash = "sha256:423cd6a14810f4e40cb76e13d4240040fc1594d69fe1c4f2c70be00ad512ade5"},
    {file = "pyarrow-4.0.1-cp36-cp36m-manylinux2014_aarch64.whl", hash = "sha256:e1351576877764fb4d5690e4721ce902e987c85f4ab081c70a34e1d24646586e"},
    {file = "pyarrow-4.0.1-cp36-cp36m-manylinux2014_x86_64.whl", hash = "sha256:0fde9c7a3d5d37f3fe5d18c4ed015e8f585b68b26d72a10d7012cad61afe43ff"},
    {file = "pyarrow-4.0.1-cp36-cp36m-win_amd64.whl", hash = "sha256:afd4f7c0a225a326d2c0039cdc8631b5e8be30f78f6b7a3e5ce741cf5dd81c72"},
    {file = "pyarrow-4.0.1-cp37-cp37m-macosx_10_13_x86_64.whl", hash = "sha256:b05bdd513f045d43228247ef4d9269c88139788e2d566f4cb3e855e282ad0330"},
    {file = "pyarrow-4.0.1-cp37-cp37m-macosx_10_9_x86_64.whl", hash = "sha256:150db335143edd00d3ec669c7c8167d401c4aa0a290749351c80bbf146892b2e"},
    {file = "pyarrow-4.0.1-cp37-cp37m-manylinux2010_x86_64.whl", hash = "sha256:dcd20ee0240a88772eeb5691102c276f5cdec79527fb3a0679af7f93f93cb4bd"},
    {file = "pyarrow-4.0.1-cp37-cp37m-manylinux2014_aarch64.whl", hash = "sha256:24040a20208e9b16ba7b284624ebfe67e40f5c40b5dc8d874da322ac0053f9d3"},
    {file = "pyarrow-4.0.1-cp37-cp37m-manylinux2014_x86_64.whl", hash = "sha256:e44dfd7e61c9eb6dda59bc49ad69e77945f6d049185a517c130417e3ca0494d8"},
    {file = "pyarrow-4.0.1-cp37-cp37m-win_amd64.whl", hash = "sha256:ee3d87615876550fee9a523307dd4b00f0f44cf47a94a32a07793da307df31a0"},
    {file = "pyarrow-4.0.1-cp38-cp38-macosx_10_13_x86_64.whl", hash = "sha256:fa7b165cfa97158c1e6d15c68428317b4f4ae786d1dc2dbab43f1328c1eb43aa"},
    {file = "pyarrow-4.0.1-cp38-cp38-macosx_10_9_x86_64.whl", hash = "sha256:33c457728a1ce825b80aa8c8ed573709f1efe72003d45fa6fdbb444de9cc0b74"},
    {file = "pyarrow-4.0.1-cp38-cp38-manylinux2010_x86_64.whl", hash = "sha256:72cf3477538bd8504f14d6299a387cc335444f7a188f548096dfea9533551f02"},
    {file = "pyarrow-4.0.1-cp38-cp38-manylinux2014_aarch64.whl", hash = "sha256:a81adbfbe2f6528d4593b5a8962b2751838517401d14e9d4cab6787478802693"},
    {file = "pyarrow-4.0.1-cp38-cp38-manylinux2014_x86_64.whl", hash = "sha256:c2733c9bcd00074ce5497dd0a7b8a10c91d3395ddce322d7021c7fdc4ea6f610"},
    {file = "pyarrow-4.0.1-cp38-cp38-win_amd64.whl", hash = "sha256:d0f080b2d9720bec42624cb0df66f60ae66b84a2ccd1fe2c291322df915ac9db"},
    {file = "pyarrow-4.0.1-cp39-cp39-macosx_10_13_x86_64.whl", hash = "sha256:6b7bd8f5aa327cc32a1b9b02a76502851575f5edb110f93c59a45c70211a5618"},
    {file = "pyarrow-4.0.1-cp39-cp39-macosx_10_9_x86_64.whl", hash = "sha256:fe976695318560a97c6d31bba828eeca28c44c6f6401005e54ba476a28ac0a10"},
    {file = "pyarrow-4.0.1-cp39-cp39-manylinux2010_x86_64.whl", hash = "sha256:5f2660f59dfcfd34adac7c08dc7f615920de703f191066ed6277628975f06878"},
    {file = "pyarrow-4.0.1-cp39-cp39-manylinux2014_aarch64.whl", hash = "sha256:5a76ec44af838862b23fb5cfc48765bc7978f7b58a181c96ad92856280de548b"},
    {file = "pyarrow-4.0.1-cp39-cp39-manylinux2014_x86_64.whl", hash = "sha256:04be0f7cb9090bd029b5b53bed628548fef569e5d0b5c6cd7f6d0106dbbc782d"},
    {file = "pyarrow-4.0.1-cp39-cp39-win_amd64.whl", hash = "sha256:a968375c66e505f72b421f5864a37f51aad5da61b6396fa283f956e9f2b2b923"},
    {file = "pyarrow-4.0.1.tar.gz", hash = "sha256:11517f0b4f4acbab0c37c674b4d1aad3c3dfea0f6b1bb322e921555258101ab3"},
]
pyparsing = [
    {file = "pyparsing-2.4.7-py2.py3-none-any.whl", hash = "sha256:ef9d7589ef3c200abe66653d3f1ab1033c3c419ae9b9bdb1240a85b024efc88b"},
    {file = "pyparsing-2.4.7.tar.gz", hash = "sha256:c203ec8783bf771a155b207279b9bccb8dea02d8f0c9e5f8ead507bc3246ecc1"},
]
python-dateutil = [
    {file = "python-dateutil-2.8.2.tar.gz", hash = "sha256:0123cacc1627ae19ddf3c27a5de5bd67ee4586fbdd6440d9748f8abb483d3e86"},
    {file = "python_dateutil-2.8.2-py2.py3-none-any.whl", hash = "sha256:961d03dc3453ebbc59dbdea9e4e11c5651520a876d0f4db161e8674aae935da9"},
]
pytz = [
    {file = "pytz-2021.1-py2.py3-none-any.whl", hash = "sha256:eb10ce3e7736052ed3623d49975ce333bcd712c7bb19a58b9e2089d4057d0798"},
    {file = "pytz-2021.1.tar.gz", hash = "sha256:83a4a90894bf38e243cf052c8b58f381bfe9a7a483f6a9cab140bc7f702ac4da"},
]
regex = [
    {file = "regex-2021.7.6-cp36-cp36m-macosx_10_9_x86_64.whl", hash = "sha256:e6a1e5ca97d411a461041d057348e578dc344ecd2add3555aedba3b408c9f874"},
    {file = "regex-2021.7.6-cp36-cp36m-manylinux1_i686.whl", hash = "sha256:6afe6a627888c9a6cfbb603d1d017ce204cebd589d66e0703309b8048c3b0854"},
    {file = "regex-2021.7.6-cp36-cp36m-manylinux1_x86_64.whl", hash = "sha256:ccb3d2190476d00414aab36cca453e4596e8f70a206e2aa8db3d495a109153d2"},
    {file = "regex-2021.7.6-cp36-cp36m-manylinux2010_i686.whl", hash = "sha256:ed693137a9187052fc46eedfafdcb74e09917166362af4cc4fddc3b31560e93d"},
    {file = "regex-2021.7.6-cp36-cp36m-manylinux2010_x86_64.whl", hash = "sha256:99d8ab206a5270c1002bfcf25c51bf329ca951e5a169f3b43214fdda1f0b5f0d"},
    {file = "regex-2021.7.6-cp36-cp36m-manylinux2014_i686.whl", hash = "sha256:b85ac458354165405c8a84725de7bbd07b00d9f72c31a60ffbf96bb38d3e25fa"},
    {file = "regex-2021.7.6-cp36-cp36m-manylinux2014_x86_64.whl", hash = "sha256:3f5716923d3d0bfb27048242a6e0f14eecdb2e2a7fac47eda1d055288595f222"},
    {file = "regex-2021.7.6-cp36-cp36m-manylinux_2_17_aarch64.manylinux2014_aarch64.whl", hash = "sha256:e5983c19d0beb6af88cb4d47afb92d96751fb3fa1784d8785b1cdf14c6519407"},
    {file = "regex-2021.7.6-cp36-cp36m-win32.whl", hash = "sha256:c92831dac113a6e0ab28bc98f33781383fe294df1a2c3dfd1e850114da35fd5b"},
    {file = "regex-2021.7.6-cp36-cp36m-win_amd64.whl", hash = "sha256:791aa1b300e5b6e5d597c37c346fb4d66422178566bbb426dd87eaae475053fb"},
    {file = "regex-2021.7.6-cp37-cp37m-macosx_10_9_x86_64.whl", hash = "sha256:59506c6e8bd9306cd8a41511e32d16d5d1194110b8cfe5a11d102d8b63cf945d"},
    {file = "regex-2021.7.6-cp37-cp37m-manylinux1_i686.whl", hash = "sha256:564a4c8a29435d1f2256ba247a0315325ea63335508ad8ed938a4f14c4116a5d"},
    {file = "regex-2021.7.6-cp37-cp37m-manylinux1_x86_64.whl", hash = "sha256:59c00bb8dd8775473cbfb967925ad2c3ecc8886b3b2d0c90a8e2707e06c743f0"},
    {file = "regex-2021.7.6-cp37-cp37m-manylinux2010_i686.whl", hash = "sha256:9a854b916806c7e3b40e6616ac9e85d3cdb7649d9e6590653deb5b341a736cec"},
    {file = "regex-2021.7.6-cp37-cp37m-manylinux2010_x86_64.whl", hash = "sha256:db2b7df831c3187a37f3bb80ec095f249fa276dbe09abd3d35297fc250385694"},
    {file = "regex-2021.7.6-cp37-cp37m-manylinux2014_i686.whl", hash = "sha256:173bc44ff95bc1e96398c38f3629d86fa72e539c79900283afa895694229fe6a"},
    {file = "regex-2021.7.6-cp37-cp37m-manylinux2014_x86_64.whl", hash = "sha256:15dddb19823f5147e7517bb12635b3c82e6f2a3a6b696cc3e321522e8b9308ad"},
    {file = "regex-2021.7.6-cp37-cp37m-manylinux_2_17_aarch64.manylinux2014_aarch64.whl", hash = "sha256:2ddeabc7652024803666ea09f32dd1ed40a0579b6fbb2a213eba590683025895"},
    {file = "regex-2021.7.6-cp37-cp37m-win32.whl", hash = "sha256:f080248b3e029d052bf74a897b9d74cfb7643537fbde97fe8225a6467fb559b5"},
    {file = "regex-2021.7.6-cp37-cp37m-win_amd64.whl", hash = "sha256:d8bbce0c96462dbceaa7ac4a7dfbbee92745b801b24bce10a98d2f2b1ea9432f"},
    {file = "regex-2021.7.6-cp38-cp38-macosx_10_9_x86_64.whl", hash = "sha256:edd1a68f79b89b0c57339bce297ad5d5ffcc6ae7e1afdb10f1947706ed066c9c"},
    {file = "regex-2021.7.6-cp38-cp38-manylinux1_i686.whl", hash = "sha256:422dec1e7cbb2efbbe50e3f1de36b82906def93ed48da12d1714cabcd993d7f0"},
    {file = "regex-2021.7.6-cp38-cp38-manylinux1_x86_64.whl", hash = "sha256:cbe23b323988a04c3e5b0c387fe3f8f363bf06c0680daf775875d979e376bd26"},
    {file = "regex-2021.7.6-cp38-cp38-manylinux2010_i686.whl", hash = "sha256:0eb2c6e0fcec5e0f1d3bcc1133556563222a2ffd2211945d7b1480c1b1a42a6f"},
    {file = "regex-2021.7.6-cp38-cp38-manylinux2010_x86_64.whl", hash = "sha256:1c78780bf46d620ff4fff40728f98b8afd8b8e35c3efd638c7df67be2d5cddbf"},
    {file = "regex-2021.7.6-cp38-cp38-manylinux2014_i686.whl", hash = "sha256:bc84fb254a875a9f66616ed4538542fb7965db6356f3df571d783f7c8d256edd"},
    {file = "regex-2021.7.6-cp38-cp38-manylinux2014_x86_64.whl", hash = "sha256:598c0a79b4b851b922f504f9f39a863d83ebdfff787261a5ed061c21e67dd761"},
    {file = "regex-2021.7.6-cp38-cp38-manylinux_2_17_aarch64.manylinux2014_aarch64.whl", hash = "sha256:875c355360d0f8d3d827e462b29ea7682bf52327d500a4f837e934e9e4656068"},
    {file = "regex-2021.7.6-cp38-cp38-win32.whl", hash = "sha256:e586f448df2bbc37dfadccdb7ccd125c62b4348cb90c10840d695592aa1b29e0"},
    {file = "regex-2021.7.6-cp38-cp38-win_amd64.whl", hash = "sha256:2fe5e71e11a54e3355fa272137d521a40aace5d937d08b494bed4529964c19c4"},
    {file = "regex-2021.7.6-cp39-cp39-macosx_10_9_x86_64.whl", hash = "sha256:6110bab7eab6566492618540c70edd4d2a18f40ca1d51d704f1d81c52d245026"},
    {file = "regex-2021.7.6-cp39-cp39-manylinux1_i686.whl", hash = "sha256:4f64fc59fd5b10557f6cd0937e1597af022ad9b27d454e182485f1db3008f417"},
    {file = "regex-2021.7.6-cp39-cp39-manylinux1_x86_64.whl", hash = "sha256:89e5528803566af4df368df2d6f503c84fbfb8249e6631c7b025fe23e6bd0cde"},
    {file = "regex-2021.7.6-cp39-cp39-manylinux2010_i686.whl", hash = "sha256:2366fe0479ca0e9afa534174faa2beae87847d208d457d200183f28c74eaea59"},
    {file = "regex-2021.7.6-cp39-cp39-manylinux2010_x86_64.whl", hash = "sha256:f9392a4555f3e4cb45310a65b403d86b589adc773898c25a39184b1ba4db8985"},
    {file = "regex-2021.7.6-cp39-cp39-manylinux2014_i686.whl", hash = "sha256:2bceeb491b38225b1fee4517107b8491ba54fba77cf22a12e996d96a3c55613d"},
    {file = "regex-2021.7.6-cp39-cp39-manylinux2014_x86_64.whl", hash = "sha256:f98dc35ab9a749276f1a4a38ab3e0e2ba1662ce710f6530f5b0a6656f1c32b58"},
    {file = "regex-2021.7.6-cp39-cp39-manylinux_2_17_aarch64.manylinux2014_aarch64.whl", hash = "sha256:319eb2a8d0888fa6f1d9177705f341bc9455a2c8aca130016e52c7fe8d6c37a3"},
    {file = "regex-2021.7.6-cp39-cp39-win32.whl", hash = "sha256:eaf58b9e30e0e546cdc3ac06cf9165a1ca5b3de8221e9df679416ca667972035"},
    {file = "regex-2021.7.6-cp39-cp39-win_amd64.whl", hash = "sha256:4c9c3155fe74269f61e27617529b7f09552fbb12e44b1189cebbdb24294e6e1c"},
    {file = "regex-2021.7.6.tar.gz", hash = "sha256:8394e266005f2d8c6f0bc6780001f7afa3ef81a7a2111fa35058ded6fce79e4d"},
]
requests = [
    {file = "requests-2.26.0-py2.py3-none-any.whl", hash = "sha256:6c1246513ecd5ecd4528a0906f910e8f0f9c6b8ec72030dc9fd154dc1a6efd24"},
    {file = "requests-2.26.0.tar.gz", hash = "sha256:b8aa58f8cf793ffd8782d3d8cb19e66ef36f7aba4353eec859e74678b01b07a7"},
]
six = [
    {file = "six-1.16.0-py2.py3-none-any.whl", hash = "sha256:8abb2f1d86890a2dfb989f9a77cfcfd3e47c2a354b01111771326f8aa26e0254"},
    {file = "six-1.16.0.tar.gz", hash = "sha256:1e61c37477a1626458e36f7b1d82aa5c9b094fa4802892072e49de9c60c4c926"},
]
sniffio = [
    {file = "sniffio-1.2.0-py3-none-any.whl", hash = "sha256:471b71698eac1c2112a40ce2752bb2f4a4814c22a54a3eed3676bc0f5ca9f663"},
    {file = "sniffio-1.2.0.tar.gz", hash = "sha256:c4666eecec1d3f50960c6bdf61ab7bc350648da6c126e3cf6898d8cd4ddcd3de"},
]
starlette = [
    {file = "starlette-0.16.0-py3-none-any.whl", hash = "sha256:38eb24bf705a2c317e15868e384c1b8a12ca396e5a3c3a003db7e667c43f939f"},
    {file = "starlette-0.16.0.tar.gz", hash = "sha256:e1904b5d0007aee24bdd3c43994be9b3b729f4f58e740200de1d623f8c3a8870"},
]
tomli = [
    {file = "tomli-1.1.0-py3-none-any.whl", hash = "sha256:f4a182048010e89cbec0ae4686b21f550a7f2903f665e34a6de58ec15424f919"},
    {file = "tomli-1.1.0.tar.gz", hash = "sha256:33d7984738f8bb699c9b0a816eb646a8178a69eaa792d258486776a5d21b8ca5"},
]
tqdm = [
    {file = "tqdm-4.61.2-py2.py3-none-any.whl", hash = "sha256:5aa445ea0ad8b16d82b15ab342de6b195a722d75fc1ef9934a46bba6feafbc64"},
    {file = "tqdm-4.61.2.tar.gz", hash = "sha256:8bb94db0d4468fea27d004a0f1d1c02da3cdedc00fe491c0de986b76a04d6b0a"},
]
typing-extensions = [
    {file = "typing_extensions-3.10.0.0-py2-none-any.whl", hash = "sha256:0ac0f89795dd19de6b97debb0c6af1c70987fd80a2d62d1958f7e56fcc31b497"},
    {file = "typing_extensions-3.10.0.0-py3-none-any.whl", hash = "sha256:779383f6086d90c99ae41cf0ff39aac8a7937a9283ce0a414e5dd782f4c94a84"},
    {file = "typing_extensions-3.10.0.0.tar.gz", hash = "sha256:50b6f157849174217d0656f99dc82fe932884fb250826c18350e159ec6cdf342"},
]
urllib3 = [
    {file = "urllib3-1.26.6-py2.py3-none-any.whl", hash = "sha256:39fb8672126159acb139a7718dd10806104dec1e2f0f6c88aab05d17df10c8d4"},
    {file = "urllib3-1.26.6.tar.gz", hash = "sha256:f57b4c16c62fa2760b7e3d97c35b255512fb6b59a259730f36ba32ce9f8e342f"},
]
uvicorn = [
    {file = "uvicorn-0.14.0-py3-none-any.whl", hash = "sha256:2a76bb359171a504b3d1c853409af3adbfa5cef374a4a59e5881945a97a93eae"},
    {file = "uvicorn-0.14.0.tar.gz", hash = "sha256:45ad7dfaaa7d55cab4cd1e85e03f27e9d60bc067ddc59db52a2b0aeca8870292"},
]
xxhash = [
    {file = "xxhash-2.0.2-cp27-cp27m-macosx_10_9_x86_64.whl", hash = "sha256:dac3b94881b943bbe418f5829128b9c48f69a66f816ef8b72ee0129d676dbd7c"},
    {file = "xxhash-2.0.2-cp27-cp27m-manylinux1_i686.whl", hash = "sha256:43fd97f332bd581639bb99fe8f09f7e9113d49cad4d21bef0620867f92c802c6"},
    {file = "xxhash-2.0.2-cp27-cp27m-manylinux1_x86_64.whl", hash = "sha256:6e5058c3fa5b42ded9a303f1a5a42d3ff732cb54c108424c63e993fc3379513c"},
    {file = "xxhash-2.0.2-cp27-cp27m-manylinux2010_i686.whl", hash = "sha256:dfacce97a3ccb46089e358ceaeca9300298511673bf87596da66882af386f6c7"},
    {file = "xxhash-2.0.2-cp27-cp27m-manylinux2010_x86_64.whl", hash = "sha256:1dfa115c8e07b3e1d94ebd60a6d6ee16ea692efb890e245addb0d33b47ee1dee"},
    {file = "xxhash-2.0.2-cp27-cp27m-win32.whl", hash = "sha256:fb28b0313c7582225373f343635674231518452331a9bdea8261d0e27b48594f"},
    {file = "xxhash-2.0.2-cp27-cp27m-win_amd64.whl", hash = "sha256:427851234a87bfe6636c90b89bd65b7ca913befff3c7bcd92a3568e635fccc92"},
    {file = "xxhash-2.0.2-cp27-cp27mu-manylinux1_i686.whl", hash = "sha256:0b92a01dc8dcada8827de140a5df83c9e8e5c190ef8bf972c98ebbe0924ee044"},
    {file = "xxhash-2.0.2-cp27-cp27mu-manylinux1_x86_64.whl", hash = "sha256:676d6964b8a9bdaf737ae6836b886ab53b2863c6aa00d43952b130a6130d1bdc"},
    {file = "xxhash-2.0.2-cp27-cp27mu-manylinux2010_i686.whl", hash = "sha256:8362693a1ce5c1373f48f047470e7797ed17dfe5babc37ba7bef50d6e6f83a72"},
    {file = "xxhash-2.0.2-cp27-cp27mu-manylinux2010_x86_64.whl", hash = "sha256:515747159fccd23fc9d1b7afeaa8bd7fc36884188b47491713d22032c5f9e502"},
    {file = "xxhash-2.0.2-cp35-cp35m-macosx_10_9_x86_64.whl", hash = "sha256:e1787b9cea43f256f8d06c8429999d386a9da9cb000c265a4dde48dd08242528"},
    {file = "xxhash-2.0.2-cp35-cp35m-manylinux1_i686.whl", hash = "sha256:d47ab1245ee4c7e6fc424ad990e4d7cfe0f206d617efe990fea34000a9242102"},
    {file = "xxhash-2.0.2-cp35-cp35m-manylinux1_x86_64.whl", hash = "sha256:81ec049f4936a49311e1fc58036d7d682b5c83d6d16ba1c852a981588c90e027"},
    {file = "xxhash-2.0.2-cp35-cp35m-manylinux2010_i686.whl", hash = "sha256:df71aeedee74eaf670d1243b6722c8c77626f3b6e6cf2cd79f2e336b151749cd"},
    {file = "xxhash-2.0.2-cp35-cp35m-manylinux2010_x86_64.whl", hash = "sha256:a922315c8e20dae0d35e54b49fd7ee348fe0a5e2fd8ec02f6a74140e063fcdb3"},
    {file = "xxhash-2.0.2-cp35-cp35m-manylinux2014_aarch64.whl", hash = "sha256:22ddd484cd92d138feeec556387894b8ec529bab7f2feb3a177eb84baadee8c1"},
    {file = "xxhash-2.0.2-cp35-cp35m-win32.whl", hash = "sha256:b4964e7ddca1ef9d7addef40a9f5eaa97aeda367c1d895e392533c0d2f9c3b8e"},
    {file = "xxhash-2.0.2-cp35-cp35m-win_amd64.whl", hash = "sha256:6077fdb44f68920c4ac8e2f34b2a107c9a218f00a698253c824a0c6c1b9622a3"},
    {file = "xxhash-2.0.2-cp36-cp36m-macosx_10_9_x86_64.whl", hash = "sha256:04ae5706ddfe0fd2b46cd0b6487d3edae7e724e27d732b055ffd0f9539c4afc5"},
    {file = "xxhash-2.0.2-cp36-cp36m-manylinux1_i686.whl", hash = "sha256:c4a892bc47b6ea92bbb82499a81882548ce990d62c1862b3834f1f70e8cf4423"},
    {file = "xxhash-2.0.2-cp36-cp36m-manylinux1_x86_64.whl", hash = "sha256:57d43ce9594676b503c0a0a383481cb4e5cf736f88970bd41849fe15a68a5d48"},
    {file = "xxhash-2.0.2-cp36-cp36m-manylinux2010_i686.whl", hash = "sha256:c2e44d162c3361392dbde736ee8ba3d1a414f63e32be6c71186f2b0654559d26"},
    {file = "xxhash-2.0.2-cp36-cp36m-manylinux2010_x86_64.whl", hash = "sha256:0beb79835ca47af257f8126fccd9d5e0ba56ba7d39dab6f6b5a7acea4d8ac4b5"},
    {file = "xxhash-2.0.2-cp36-cp36m-manylinux2014_aarch64.whl", hash = "sha256:f2bef10c417c4667310cc240d49e521e6b5fc90c4ff77a1ec78649869685e8d3"},
    {file = "xxhash-2.0.2-cp36-cp36m-win32.whl", hash = "sha256:9b6bb1bd34a6365c790c328a604ec5a628059fef6e4486380caa89bc12787a6e"},
    {file = "xxhash-2.0.2-cp36-cp36m-win_amd64.whl", hash = "sha256:4243dbeb1ce09d359289844f0c54676343857fdc6a092184aea159fecdf6d9f3"},
    {file = "xxhash-2.0.2-cp37-cp37m-macosx_10_9_x86_64.whl", hash = "sha256:71b38300e1803ab32ee787f89cdbc032b46ac5834eca9109d8fb576ae1a31741"},
    {file = "xxhash-2.0.2-cp37-cp37m-manylinux1_i686.whl", hash = "sha256:a8a68d117178f15c96cb9ae2613f53db94e0fdb34ffc69c7ab600c899c7a966c"},
    {file = "xxhash-2.0.2-cp37-cp37m-manylinux1_x86_64.whl", hash = "sha256:dd9c72520f790ce6eaa535cdad1a53ded22deab43766cfa7cef42834a9a65561"},
    {file = "xxhash-2.0.2-cp37-cp37m-manylinux2010_i686.whl", hash = "sha256:f95adf6091fa13ce19fab21fadb8d07210822320568d24a6405d6b557afc0411"},
    {file = "xxhash-2.0.2-cp37-cp37m-manylinux2010_x86_64.whl", hash = "sha256:00aaf882036d2a0fa7652cf9aeaaf2ad077b784c09ef8d60f5d97ebf0d47ffa1"},
    {file = "xxhash-2.0.2-cp37-cp37m-manylinux2014_aarch64.whl", hash = "sha256:bb8c0efad20da40da1aa56f36b929b965d1adede8a1d5b37b702d378a683e0dd"},
    {file = "xxhash-2.0.2-cp37-cp37m-win32.whl", hash = "sha256:6fc0b8c21a181b771e1f0c25eb8a0a241af0126f1fc19f4c3cde7233de91326f"},
    {file = "xxhash-2.0.2-cp37-cp37m-win_amd64.whl", hash = "sha256:b232b47a3aa825e0df14b1bd3e051dd327c8539e382728ddb81997d26de5256a"},
    {file = "xxhash-2.0.2-cp38-cp38-macosx_10_9_x86_64.whl", hash = "sha256:dc328d3d635ec851d6befdf6ced2134d587d3be973dbbbc489da24c0c88ecb01"},
    {file = "xxhash-2.0.2-cp38-cp38-manylinux1_i686.whl", hash = "sha256:9e6e5e095417060bed45119c510d5bc846b62e2a8218cb3e5a19b3ccf12e4c18"},
    {file = "xxhash-2.0.2-cp38-cp38-manylinux1_x86_64.whl", hash = "sha256:b4b7d4d19c125738c5fc48356505dfbd63b3cdf826dd868a1b80a73de48729b7"},
    {file = "xxhash-2.0.2-cp38-cp38-manylinux2010_i686.whl", hash = "sha256:686fcf2aff041df65470eccc7dcea5e7e77cfad99efcaba0c6f58bbd81846e10"},
    {file = "xxhash-2.0.2-cp38-cp38-manylinux2010_x86_64.whl", hash = "sha256:cb3a196fd1d55ce86b1123cbf3ef6603f80f4d0b46541412bb5056b0563ef384"},
    {file = "xxhash-2.0.2-cp38-cp38-manylinux2014_aarch64.whl", hash = "sha256:68d067427f2c6f7b3014e28bf4794b0876ab5f6366b53e1d6f59d275b4f19a8d"},
    {file = "xxhash-2.0.2-cp38-cp38-win32.whl", hash = "sha256:73649555656dd17e809b9b3c54855f4f72144024b0e6395cd37b5395fa0f48c3"},
    {file = "xxhash-2.0.2-cp38-cp38-win_amd64.whl", hash = "sha256:dafd1066c99d448a7a1226f10766b61ff752aaad8a4392e4cae30aafefa6fff5"},
    {file = "xxhash-2.0.2-cp39-cp39-macosx_10_9_x86_64.whl", hash = "sha256:eb1e9e347c9810a272154814cf5ce33a6c3ac7d0d7cbcb066e92dd5f9fa4db8f"},
    {file = "xxhash-2.0.2-cp39-cp39-manylinux1_i686.whl", hash = "sha256:ebff22f1783f641c6c2b313bfc44d6cc620c17409ec512e67c7c6de809155880"},
    {file = "xxhash-2.0.2-cp39-cp39-manylinux1_x86_64.whl", hash = "sha256:b7640e043ac6e0f503eadb108e6971d69b0c95c23fbcac3e5632578f9f906050"},
    {file = "xxhash-2.0.2-cp39-cp39-manylinux2010_i686.whl", hash = "sha256:db2352d375e6594620c462c029d3c1a1b18ff7168e470657e354f1b8b332d9dd"},
    {file = "xxhash-2.0.2-cp39-cp39-manylinux2010_x86_64.whl", hash = "sha256:f49dbd3b8e4cc13f2df92fb3db39204e3258105a212e23784cbb340e415ae8ed"},
    {file = "xxhash-2.0.2-cp39-cp39-manylinux2014_aarch64.whl", hash = "sha256:e70059c5cc8f0cecd16d8cb0263de8f317239cabee3fa4af35c0a1ddaed2110e"},
    {file = "xxhash-2.0.2-cp39-cp39-win32.whl", hash = "sha256:a0199a07a264be96ed658ba3b4e9ee58a3c678e51a18e134e2518cf1a8171e18"},
    {file = "xxhash-2.0.2-cp39-cp39-win_amd64.whl", hash = "sha256:173d3f662dc88de734bd622e46a3bbac6fd00e957b3e098fa8b75b141aa4354e"},
    {file = "xxhash-2.0.2-pp27-pypy_73-macosx_10_9_x86_64.whl", hash = "sha256:e94fdff9b102ca7c0969230d209f7ce17020db17a89d026ac45d8ffb9e4929ec"},
    {file = "xxhash-2.0.2-pp27-pypy_73-manylinux1_x86_64.whl", hash = "sha256:d7175cd7f490aae742d18eb9b519e74180958f88fa8ff47091727b3efb57bfbf"},
    {file = "xxhash-2.0.2-pp27-pypy_73-manylinux2010_x86_64.whl", hash = "sha256:d707d2a053a5d55ccd2e59d7a228636cafeebb44c9ac3ca1c088f4d384c8c3a9"},
    {file = "xxhash-2.0.2-pp27-pypy_73-win32.whl", hash = "sha256:dad190caa293abbb39d96b4a09f121fc971d81eb19c96e4e0db89a99a7d59b93"},
    {file = "xxhash-2.0.2-pp36-pypy36_pp73-macosx_10_9_x86_64.whl", hash = "sha256:5dc3da5fa855dd8e35f24d20fabfcd29c0b3ac85a14dc2c329c029971ae4eeb7"},
    {file = "xxhash-2.0.2-pp36-pypy36_pp73-manylinux1_x86_64.whl", hash = "sha256:17a3b0a2ff20879ed5c9d9c178349e9c6257db11b193e4103282d7a78ef9cb08"},
    {file = "xxhash-2.0.2-pp36-pypy36_pp73-manylinux2010_x86_64.whl", hash = "sha256:c75f8375c80c3815f49a744ef1a8303577757eb9a2dc53bed33d9318b760fec6"},
    {file = "xxhash-2.0.2-pp36-pypy36_pp73-win32.whl", hash = "sha256:eb2670ed6c435189aeb479bfff990e00b849ae0ff49945632db74b2a2a08d192"},
    {file = "xxhash-2.0.2-pp37-pypy37_pp73-macosx_10_9_x86_64.whl", hash = "sha256:ff518ec1bd7cc33218f8f3325848c56e9c73c5df30138a64a89dd65ab1e1ffb5"},
    {file = "xxhash-2.0.2-pp37-pypy37_pp73-manylinux1_x86_64.whl", hash = "sha256:c4a0806ffb33c9d892b5565fa010c252c7e0f4d01ded901a637dfede624e4d0c"},
    {file = "xxhash-2.0.2-pp37-pypy37_pp73-manylinux2010_x86_64.whl", hash = "sha256:fdfac2014301da79cebcd8f9535c875f63242fe404d741cec5f70f400cc6a561"},
    {file = "xxhash-2.0.2-pp37-pypy37_pp73-win32.whl", hash = "sha256:357f6a52bd18a80635cf4c83f648c42fa0609713b4183929ed019f7627af4b68"},
    {file = "xxhash-2.0.2.tar.gz", hash = "sha256:b7bead8cf6210eadf9cecf356e17af794f57c0939a3d420a00d87ea652f87b49"},
]
